
Microsoft Visual Studio Solution File, Format Version 12.00
# Visual Studio 15
VisualStudioVersion = 15.0.27703.2026
MinimumVisualStudioVersion = 10.0.40219.1
Project("{FAE04EC0-301F-11D3-BF4B-00C04F79EFBC}") = "XF.Contatos.Android", "XF.Contatos\XF.Contatos.Android\XF.Contatos.Android.csproj", "{AACFC401-97FC-4304-9E26-EE8406363850}"
EndProject
Project("{FAE04EC0-301F-11D3-BF4B-00C04F79EFBC}") = "XF.Contatos.iOS", "XF.Contatos\XF.Contatos.iOS\XF.Contatos.iOS.csproj", "{FC0A0FDC-5A1F-4648-9E3B-4FE5776D1EBE}"
EndProject
Project("{FAE04EC0-301F-11D3-BF4B-00C04F79EFBC}") = "XF.Contatos", "XF.Contatos\XF.Contatos\XF.Contatos.csproj", "{2AB096DD-6382-4275-9137-AE43BB0148CB}"
EndProject
Global
	GlobalSection(SolutionConfigurationPlatforms) = preSolution
		Ad-Hoc|Any CPU = Ad-Hoc|Any CPU
		Ad-Hoc|iPhone = Ad-Hoc|iPhone
		Ad-Hoc|iPhoneSimulator = Ad-Hoc|iPhoneSimulator
		AppStore|Any CPU = AppStore|Any CPU
		AppStore|iPhone = AppStore|iPhone
		AppStore|iPhoneSimulator = AppStore|iPhoneSimulator
		Debug|Any CPU = Debug|Any CPU
		Debug|iPhone = Debug|iPhone
		Debug|iPhoneSimulator = Debug|iPhoneSimulator
		Release|Any CPU = Release|Any CPU
		Release|iPhone = Release|iPhone
		Release|iPhoneSimulator = Release|iPhoneSimulator
	EndGlobalSection
	GlobalSection(ProjectConfigurationPlatforms) = postSolution
		{AACFC401-97FC-4304-9E26-EE8406363850}.Ad-Hoc|Any CPU.ActiveCfg = Release|Any CPU
		{AACFC401-97FC-4304-9E26-EE8406363850}.Ad-Hoc|Any CPU.Build.0 = Release|Any CPU
		{AACFC401-97FC-4304-9E26-EE8406363850}.Ad-Hoc|Any CPU.Deploy.0 = Release|Any CPU
		{AACFC401-97FC-4304-9E26-EE8406363850}.Ad-Hoc|iPhone.ActiveCfg = Release|Any CPU
		{AACFC401-97FC-4304-9E26-EE8406363850}.Ad-Hoc|iPhone.Build.0 = Release|Any CPU
		{AACFC401-97FC-4304-9E26-EE8406363850}.Ad-Hoc|iPhone.Deploy.0 = Release|Any CPU
		{AACFC401-97FC-4304-9E26-EE8406363850}.Ad-Hoc|iPhoneSimulator.ActiveCfg = Release|Any CPU
		{AACFC401-97FC-4304-9E26-EE8406363850}.Ad-Hoc|iPhoneSimulator.Build.0 = Release|Any CPU
		{AACFC401-97FC-4304-9E26-EE8406363850}.Ad-Hoc|iPhoneSimulator.Deploy.0 = Release|Any CPU
		{AACFC401-97FC-4304-9E26-EE8406363850}.AppStore|Any CPU.ActiveCfg = Release|Any CPU
		{AACFC401-97FC-4304-9E26-EE8406363850}.AppStore|Any CPU.Build.0 = Release|Any CPU
		{AACFC401-97FC-4304-9E26-EE8406363850}.AppStore|Any CPU.Deploy.0 = Release|Any CPU
		{AACFC401-97FC-4304-9E26-EE8406363850}.AppStore|iPhone.ActiveCfg = Release|Any CPU
		{AACFC401-97FC-4304-9E26-EE8406363850}.AppStore|iPhone.Build.0 = Release|Any CPU
		{AACFC401-97FC-4304-9E26-EE8406363850}.AppStore|iPhone.Deploy.0 = Release|Any CPU
		{AACFC401-97FC-4304-9E26-EE8406363850}.AppStore|iPhoneSimulator.ActiveCfg = Release|Any CPU
		{AACFC401-97FC-4304-9E26-EE8406363850}.AppStore|iPhoneSimulator.Build.0 = Release|Any CPU
		{AACFC401-97FC-4304-9E26-EE8406363850}.AppStore|iPhoneSimulator.Deploy.0 = Release|Any CPU
		{AACFC401-97FC-4304-9E26-EE8406363850}.Debug|Any CPU.ActiveCfg = Debug|Any CPU
		{AACFC401-97FC-4304-9E26-EE8406363850}.Debug|Any CPU.Build.0 = Debug|Any CPU
		{AACFC401-97FC-4304-9E26-EE8406363850}.Debug|Any CPU.Deploy.0 = Debug|Any CPU
		{AACFC401-97FC-4304-9E26-EE8406363850}.Debug|iPhone.ActiveCfg = Debug|Any CPU
		{AACFC401-97FC-4304-9E26-EE8406363850}.Debug|iPhone.Build.0 = Debug|Any CPU
		{AACFC401-97FC-4304-9E26-EE8406363850}.Debug|iPhone.Deploy.0 = Debug|Any CPU
		{AACFC401-97FC-4304-9E26-EE8406363850}.Debug|iPhoneSimulator.ActiveCfg = Debug|Any CPU
		{AACFC401-97FC-4304-9E26-EE8406363850}.Debug|iPhoneSimulator.Build.0 = Debug|Any CPU
		{AACFC401-97FC-4304-9E26-EE8406363850}.Debug|iPhoneSimulator.Deploy.0 = Debug|Any CPU
		{AACFC401-97FC-4304-9E26-EE8406363850}.Release|Any CPU.ActiveCfg = Release|Any CPU
		{AACFC401-97FC-4304-9E26-EE8406363850}.Release|Any CPU.Build.0 = Release|Any CPU
		{AACFC401-97FC-4304-9E26-EE8406363850}.Release|Any CPU.Deploy.0 = Release|Any CPU
		{AACFC401-97FC-4304-9E26-EE8406363850}.Release|iPhone.ActiveCfg = Release|Any CPU
		{AACFC401-97FC-4304-9E26-EE8406363850}.Release|iPhone.Build.0 = Release|Any CPU
		{AACFC401-97FC-4304-9E26-EE8406363850}.Release|iPhone.Deploy.0 = Release|Any CPU
		{AACFC401-97FC-4304-9E26-EE8406363850}.Release|iPhoneSimulator.ActiveCfg = Release|Any CPU
		{AACFC401-97FC-4304-9E26-EE8406363850}.Release|iPhoneSimulator.Build.0 = Release|Any CPU
		{AACFC401-97FC-4304-9E26-EE8406363850}.Release|iPhoneSimulator.Deploy.0 = Release|Any CPU
		{FC0A0FDC-5A1F-4648-9E3B-4FE5776D1EBE}.Ad-Hoc|Any CPU.ActiveCfg = Ad-Hoc|iPhone
		{FC0A0FDC-5A1F-4648-9E3B-4FE5776D1EBE}.Ad-Hoc|Any CPU.Build.0 = Ad-Hoc|iPhone
		{FC0A0FDC-5A1F-4648-9E3B-4FE5776D1EBE}.Ad-Hoc|Any CPU.Deploy.0 = Ad-Hoc|iPhone
		{FC0A0FDC-5A1F-4648-9E3B-4FE5776D1EBE}.Ad-Hoc|iPhone.ActiveCfg = Ad-Hoc|iPhone
		{FC0A0FDC-5A1F-4648-9E3B-4FE5776D1EBE}.Ad-Hoc|iPhone.Build.0 = Ad-Hoc|iPhone
		{FC0A0FDC-5A1F-4648-9E3B-4FE5776D1EBE}.Ad-Hoc|iPhone.Deploy.0 = Ad-Hoc|iPhone
		{FC0A0FDC-5A1F-4648-9E3B-4FE5776D1EBE}.Ad-Hoc|iPhoneSimulator.ActiveCfg = Ad-Hoc|iPhoneSimulator
		{FC0A0FDC-5A1F-4648-9E3B-4FE5776D1EBE}.Ad-Hoc|iPhoneSimulator.Build.0 = Ad-Hoc|iPhoneSimulator
		{FC0A0FDC-5A1F-4648-9E3B-4FE5776D1EBE}.Ad-Hoc|iPhoneSimulator.Deploy.0 = Ad-Hoc|iPhoneSimulator
		{FC0A0FDC-5A1F-4648-9E3B-4FE5776D1EBE}.AppStore|Any CPU.ActiveCfg = AppStore|iPhone
		{FC0A0FDC-5A1F-4648-9E3B-4FE5776D1EBE}.AppStore|Any CPU.Build.0 = AppStore|iPhone
		{FC0A0FDC-5A1F-4648-9E3B-4FE5776D1EBE}.AppStore|Any CPU.Deploy.0 = AppStore|iPhone
		{FC0A0FDC-5A1F-4648-9E3B-4FE5776D1EBE}.AppStore|iPhone.ActiveCfg = AppStore|iPhone
		{FC0A0FDC-5A1F-4648-9E3B-4FE5776D1EBE}.AppStore|iPhone.Build.0 = AppStore|iPhone
		{FC0A0FDC-5A1F-4648-9E3B-4FE5776D1EBE}.AppStore|iPhone.Deploy.0 = AppStore|iPhone
		{FC0A0FDC-5A1F-4648-9E3B-4FE5776D1EBE}.AppStore|iPhoneSimulator.ActiveCfg = AppStore|iPhoneSimulator
		{FC0A0FDC-5A1F-4648-9E3B-4FE5776D1EBE}.AppStore|iPhoneSimulator.Build.0 = AppStore|iPhoneSimulator
		{FC0A0FDC-5A1F-4648-9E3B-4FE5776D1EBE}.AppStore|iPhoneSimulator.Deploy.0 = AppStore|iPhoneSimulator
		{FC0A0FDC-5A1F-4648-9E3B-4FE5776D1EBE}.Debug|Any CPU.ActiveCfg = Debug|iPhoneSimulator
		{FC0A0FDC-5A1F-4648-9E3B-4FE5776D1EBE}.Debug|Any CPU.Build.0 = Debug|iPhoneSimulator
		{FC0A0FDC-5A1F-4648-9E3B-4FE5776D1EBE}.Debug|Any CPU.Deploy.0 = Debug|iPhoneSimulator
		{FC0A0FDC-5A1F-4648-9E3B-4FE5776D1EBE}.Debug|iPhone.ActiveCfg = Debug|iPhone
		{FC0A0FDC-5A1F-4648-9E3B-4FE5776D1EBE}.Debug|iPhone.Build.0 = Debug|iPhone
		{FC0A0FDC-5A1F-4648-9E3B-4FE5776D1EBE}.Debug|iPhone.Deploy.0 = Debug|iPhone
		{FC0A0FDC-5A1F-4648-9E3B-4FE5776D1EBE}.Debug|iPhoneSimulator.ActiveCfg = Debug|iPhoneSimulator
		{FC0A0FDC-5A1F-4648-9E3B-4FE5776D1EBE}.Debug|iPhoneSimulator.Build.0 = Debug|iPhoneSimulator
		{FC0A0FDC-5A1F-4648-9E3B-4FE5776D1EBE}.Debug|iPhoneSimulator.Deploy.0 = Debug|iPhoneSimulator
		{FC0A0FDC-5A1F-4648-9E3B-4FE5776D1EBE}.Release|Any CPU.ActiveCfg = Release|iPhone
		{FC0A0FDC-5A1F-4648-9E3B-4FE5776D1EBE}.Release|Any CPU.Build.0 = Release|iPhone
		{FC0A0FDC-5A1F-4648-9E3B-4FE5776D1EBE}.Release|Any CPU.Deploy.0 = Release|iPhone
		{FC0A0FDC-5A1F-4648-9E3B-4FE5776D1EBE}.Release|iPhone.ActiveCfg = Release|iPhone
		{FC0A0FDC-5A1F-4648-9E3B-4FE5776D1EBE}.Release|iPhone.Build.0 = Release|iPhone
		{FC0A0FDC-5A1F-4648-9E3B-4FE5776D1EBE}.Release|iPhone.Deploy.0 = Release|iPhone
		{FC0A0FDC-5A1F-4648-9E3B-4FE5776D1EBE}.Release|iPhoneSimulator.ActiveCfg = Release|iPhoneSimulator
		{FC0A0FDC-5A1F-4648-9E3B-4FE5776D1EBE}.Release|iPhoneSimulator.Build.0 = Release|iPhoneSimulator
		{FC0A0FDC-5A1F-4648-9E3B-4FE5776D1EBE}.Release|iPhoneSimulator.Deploy.0 = Release|iPhoneSimulator
		{2AB096DD-6382-4275-9137-AE43BB0148CB}.Ad-Hoc|Any CPU.ActiveCfg = Debug|Any CPU
		{2AB096DD-6382-4275-9137-AE43BB0148CB}.Ad-Hoc|Any CPU.Build.0 = Debug|Any CPU
		{2AB096DD-6382-4275-9137-AE43BB0148CB}.Ad-Hoc|Any CPU.Deploy.0 = Debug|Any CPU
		{2AB096DD-6382-4275-9137-AE43BB0148CB}.Ad-Hoc|iPhone.ActiveCfg = Debug|Any CPU
		{2AB096DD-6382-4275-9137-AE43BB0148CB}.Ad-Hoc|iPhone.Build.0 = Debug|Any CPU
		{2AB096DD-6382-4275-9137-AE43BB0148CB}.Ad-Hoc|iPhone.Deploy.0 = Debug|Any CPU
		{2AB096DD-6382-4275-9137-AE43BB0148CB}.Ad-Hoc|iPhoneSimulator.ActiveCfg = Debug|Any CPU
		{2AB096DD-6382-4275-9137-AE43BB0148CB}.Ad-Hoc|iPhoneSimulator.Build.0 = Debug|Any CPU
		{2AB096DD-6382-4275-9137-AE43BB0148CB}.Ad-Hoc|iPhoneSimulator.Deploy.0 = Debug|Any CPU
		{2AB096DD-6382-4275-9137-AE43BB0148CB}.AppStore|Any CPU.ActiveCfg = Debug|Any CPU
		{2AB096DD-6382-4275-9137-AE43BB0148CB}.AppStore|Any CPU.Build.0 = Debug|Any CPU
		{2AB096DD-6382-4275-9137-AE43BB0148CB}.AppStore|Any CPU.Deploy.0 = Debug|Any CPU
		{2AB096DD-6382-4275-9137-AE43BB0148CB}.AppStore|iPhone.ActiveCfg = Debug|Any CPU
		{2AB096DD-6382-4275-9137-AE43BB0148CB}.AppStore|iPhone.Build.0 = Debug|Any CPU
		{2AB096DD-6382-4275-9137-AE43BB0148CB}.AppStore|iPhone.Deploy.0 = Debug|Any CPU
		{2AB096DD-6382-4275-9137-AE43BB0148CB}.AppStore|iPhoneSimulator.ActiveCfg = Debug|Any CPU
		{2AB096DD-6382-4275-9137-AE43BB0148CB}.AppStore|iPhoneSimulator.Build.0 = Debug|Any CPU
		{2AB096DD-6382-4275-9137-AE43BB0148CB}.AppStore|iPhoneSimulator.Deploy.0 = Debug|Any CPU
		{2AB096DD-6382-4275-9137-AE43BB0148CB}.Debug|Any CPU.ActiveCfg = Debug|Any CPU
		{2AB096DD-6382-4275-9137-AE43BB0148CB}.Debug|Any CPU.Build.0 = Debug|Any CPU
		{2AB096DD-6382-4275-9137-AE43BB0148CB}.Debug|Any CPU.Deploy.0 = Debug|Any CPU
		{2AB096DD-6382-4275-9137-AE43BB0148CB}.Debug|iPhone.ActiveCfg = Debug|Any CPU
		{2AB096DD-6382-4275-9137-AE43BB0148CB}.Debug|iPhone.Build.0 = Debug|Any CPU
		{2AB096DD-6382-4275-9137-AE43BB0148CB}.Debug|iPhone.Deploy.0 = Debug|Any CPU
		{2AB096DD-6382-4275-9137-AE43BB0148CB}.Debug|iPhoneSimulator.ActiveCfg = Debug|Any CPU
		{2AB096DD-6382-4275-9137-AE43BB0148CB}.Debug|iPhoneSimulator.Build.0 = Debug|Any CPU
		{2AB096DD-6382-4275-9137-AE43BB0148CB}.Debug|iPhoneSimulator.Deploy.0 = Debug|Any CPU
		{2AB096DD-6382-4275-9137-AE43BB0148CB}.Release|Any CPU.ActiveCfg = Release|Any CPU
		{2AB096DD-6382-4275-9137-AE43BB0148CB}.Release|Any CPU.Build.0 = Release|Any CPU
		{2AB096DD-6382-4275-9137-AE43BB0148CB}.Release|Any CPU.Deploy.0 = Release|Any CPU
		{2AB096DD-6382-4275-9137-AE43BB0148CB}.Release|iPhone.ActiveCfg = Release|Any CPU
		{2AB096DD-6382-4275-9137-AE43BB0148CB}.Release|iPhone.Build.0 = Release|Any CPU
		{2AB096DD-6382-4275-9137-AE43BB0148CB}.Release|iPhone.Deploy.0 = Release|Any CPU
		{2AB096DD-6382-4275-9137-AE43BB0148CB}.Release|iPhoneSimulator.ActiveCfg = Release|Any CPU
		{2AB096DD-6382-4275-9137-AE43BB0148CB}.Release|iPhoneSimulator.Build.0 = Release|Any CPU
		{2AB096DD-6382-4275-9137-AE43BB0148CB}.Release|iPhoneSimulator.Deploy.0 = Release|Any CPU
	EndGlobalSection
	GlobalSection(SolutionProperties) = preSolution
		HideSolutionNode = FALSE
	EndGlobalSection
	GlobalSection(ExtensibilityGlobals) = postSolution
		SolutionGuid = {57580B6F-527B-4951-9494-CB35F2BF6FC1}
	EndGlobalSection
EndGlobal
